// !$*UTF8*$!
{
	archiveVersion = 1;
	classes = {
	};
	objectVersion = 56;
	objects = {

/* Begin PBXBuildFile section */
		9B190D412B1FEAFE00E03CA9 /* Home.swift in Sources */ = {isa = PBXBuildFile; fileRef = 9B190D402B1FEAFE00E03CA9 /* Home.swift */; };
		9B6A034C2B212E8E00C8B871 /* Person.swift in Sources */ = {isa = PBXBuildFile; fileRef = 9B6A034B2B212E8E00C8B871 /* Person.swift */; };
		9B6A034F2B212FBD00C8B871 /* Project.swift in Sources */ = {isa = PBXBuildFile; fileRef = 9B6A034E2B212FBD00C8B871 /* Project.swift */; };
		9B6A03512B21303B00C8B871 /* SocialMedia.swift in Sources */ = {isa = PBXBuildFile; fileRef = 9B6A03502B21303B00C8B871 /* SocialMedia.swift */; };
		9B6A03532B21393500C8B871 /* PersonProfile.swift in Sources */ = {isa = PBXBuildFile; fileRef = 9B6A03522B21393500C8B871 /* PersonProfile.swift */; };
		9BAE2C2C2B1FE0F20016CFAA /* FhazeliOSAppApp.swift in Sources */ = {isa = PBXBuildFile; fileRef = 9BAE2C2B2B1FE0F20016CFAA /* FhazeliOSAppApp.swift */; };
		9BAE2C2E2B1FE0F20016CFAA /* ContentView.swift in Sources */ = {isa = PBXBuildFile; fileRef = 9BAE2C2D2B1FE0F20016CFAA /* ContentView.swift */; };
		9BAE2C302B1FE0F40016CFAA /* Assets.xcassets in Resources */ = {isa = PBXBuildFile; fileRef = 9BAE2C2F2B1FE0F40016CFAA /* Assets.xcassets */; };
		9BAE2C332B1FE0F40016CFAA /* Preview Assets.xcassets in Resources */ = {isa = PBXBuildFile; fileRef = 9BAE2C322B1FE0F40016CFAA /* Preview Assets.xcassets */; };
/* End PBXBuildFile section */

/* Begin PBXFileReference section */
		9B190D402B1FEAFE00E03CA9 /* Home.swift */ = {isa = PBXFileReference; lastKnownFileType = sourcecode.swift; path = Home.swift; sourceTree = "<group>"; };
		9B6A034B2B212E8E00C8B871 /* Person.swift */ = {isa = PBXFileReference; lastKnownFileType = sourcecode.swift; path = Person.swift; sourceTree = "<group>"; };
		9B6A034E2B212FBD00C8B871 /* Project.swift */ = {isa = PBXFileReference; lastKnownFileType = sourcecode.swift; path = Project.swift; sourceTree = "<group>"; };
		9B6A03502B21303B00C8B871 /* SocialMedia.swift */ = {isa = PBXFileReference; lastKnownFileType = sourcecode.swift; path = SocialMedia.swift; sourceTree = "<group>"; };
		9B6A03522B21393500C8B871 /* PersonProfile.swift */ = {isa = PBXFileReference; lastKnownFileType = sourcecode.swift; path = PersonProfile.swift; sourceTree = "<group>"; };
		9BAE2C282B1FE0F20016CFAA /* FhazeliOSApp.app */ = {isa = PBXFileReference; explicitFileType = wrapper.application; includeInIndex = 0; path = FhazeliOSApp.app; sourceTree = BUILT_PRODUCTS_DIR; };
		9BAE2C2B2B1FE0F20016CFAA /* FhazeliOSAppApp.swift */ = {isa = PBXFileReference; lastKnownFileType = sourcecode.swift; path = FhazeliOSAppApp.swift; sourceTree = "<group>"; };
		9BAE2C2D2B1FE0F20016CFAA /* ContentView.swift */ = {isa = PBXFileReference; lastKnownFileType = sourcecode.swift; path = ContentView.swift; sourceTree = "<group>"; };
		9BAE2C2F2B1FE0F40016CFAA /* Assets.xcassets */ = {isa = PBXFileReference; lastKnownFileType = folder.assetcatalog; path = Assets.xcassets; sourceTree = "<group>"; };
		9BAE2C322B1FE0F40016CFAA /* Preview Assets.xcassets */ = {isa = PBXFileReference; lastKnownFileType = folder.assetcatalog; path = "Preview Assets.xcassets"; sourceTree = "<group>"; };
/* End PBXFileReference section */

/* Begin PBXFrameworksBuildPhase section */
		9BAE2C252B1FE0F20016CFAA /* Frameworks */ = {
			isa = PBXFrameworksBuildPhase;
			buildActionMask = 2147483647;
			files = (
			);
			runOnlyForDeploymentPostprocessing = 0;
		};
/* End PBXFrameworksBuildPhase section */

/* Begin PBXGroup section */
		9B190D3F2B1FEA0D00E03CA9 /* views */ = {
			isa = PBXGroup;
			children = (
				9B190D402B1FEAFE00E03CA9 /* Home.swift */,
				9B6A03522B21393500C8B871 /* PersonProfile.swift */,
			);
			path = views;
			sourceTree = "<group>";
		};
		9B6A034D2B212EB300C8B871 /* Models */ = {
			isa = PBXGroup;
			children = (
				9B6A034B2B212E8E00C8B871 /* Person.swift */,
				9B6A034E2B212FBD00C8B871 /* Project.swift */,
				9B6A03502B21303B00C8B871 /* SocialMedia.swift */,
			);
			path = Models;
			sourceTree = "<group>";
		};
		9BAE2C1F2B1FE0F20016CFAA = {
			isa = PBXGroup;
			children = (
				9BAE2C2A2B1FE0F20016CFAA /* FhazeliOSApp */,
				9BAE2C292B1FE0F20016CFAA /* Products */,
			);
			sourceTree = "<group>";
		};
		9BAE2C292B1FE0F20016CFAA /* Products */ = {
			isa = PBXGroup;
			children = (
				9BAE2C282B1FE0F20016CFAA /* FhazeliOSApp.app */,
			);
			name = Products;
			sourceTree = "<group>";
		};
		9BAE2C2A2B1FE0F20016CFAA /* FhazeliOSApp */ = {
			isa = PBXGroup;
			children = (
				9B6A034D2B212EB300C8B871 /* Models */,
				9BAE2C2B2B1FE0F20016CFAA /* FhazeliOSAppApp.swift */,
				9BAE2C2D2B1FE0F20016CFAA /* ContentView.swift */,
				9B190D3F2B1FEA0D00E03CA9 /* views */,
				9BAE2C2F2B1FE0F40016CFAA /* Assets.xcassets */,
				9BAE2C312B1FE0F40016CFAA /* Preview Content */,
			);
			path = FhazeliOSApp;
			sourceTree = "<group>";
		};
		9BAE2C312B1FE0F40016CFAA /* Preview Content */ = {
			isa = PBXGroup;
			children = (
				9BAE2C322B1FE0F40016CFAA /* Preview Assets.xcassets */,
			);
			path = "Preview Content";
			sourceTree = "<group>";
		};
/* End PBXGroup section */

/* Begin PBXNativeTarget section */
		9BAE2C272B1FE0F20016CFAA /* FhazeliOSApp */ = {
			isa = PBXNativeTarget;
			buildConfigurationList = 9BAE2C362B1FE0F40016CFAA /* Build configuration list for PBXNativeTarget "FhazeliOSApp" */;
			buildPhases = (
				9BAE2C242B1FE0F20016CFAA /* Sources */,
				9BAE2C252B1FE0F20016CFAA /* Frameworks */,
				9BAE2C262B1FE0F20016CFAA /* Resources */,
			);
			buildRules = (
			);
			dependencies = (
			);
			name = FhazeliOSApp;
			productName = FhazeliOSApp;
			productReference = 9BAE2C282B1FE0F20016CFAA /* FhazeliOSApp.app */;
			productType = "com.apple.product-type.application";
		};
/* End PBXNativeTarget section */

/* Begin PBXProject section */
		9BAE2C202B1FE0F20016CFAA /* Project object */ = {
			isa = PBXProject;
			attributes = {
				BuildIndependentTargetsInParallel = 1;
				LastSwiftUpdateCheck = 1400;
				LastUpgradeCheck = 1400;
				TargetAttributes = {
					9BAE2C272B1FE0F20016CFAA = {
						CreatedOnToolsVersion = 14.0.1;
					};
				};
			};
			buildConfigurationList = 9BAE2C232B1FE0F20016CFAA /* Build configuration list for PBXProject "FhazeliOSApp" */;
			compatibilityVersion = "Xcode 14.0";
			developmentRegion = en;
			hasScannedForEncodings = 0;
			knownRegions = (
				en,
				Base,
			);
			mainGroup = 9BAE2C1F2B1FE0F20016CFAA;
			productRefGroup = 9BAE2C292B1FE0F20016CFAA /* Products */;
			projectDirPath = "";
			projectRoot = "";
			targets = (
				9BAE2C272B1FE0F20016CFAA /* FhazeliOSApp */,
			);
		};
/* End PBXProject section */

/* Begin PBXResourcesBuildPhase section */
		9BAE2C262B1FE0F20016CFAA /* Resources */ = {
			isa = PBXResourcesBuildPhase;
			buildActionMask = 2147483647;
			files = (
				9BAE2C332B1FE0F40016CFAA /* Preview Assets.xcassets in Resources */,
				9BAE2C302B1FE0F40016CFAA /* Assets.xcassets in Resources */,
			);
			runOnlyForDeploymentPostprocessing = 0;
		};
/* End PBXResourcesBuildPhase section */

/* Begin PBXSourcesBuildPhase section */
		9BAE2C242B1FE0F20016CFAA /* Sources */ = {
			isa = PBXSourcesBuildPhase;
			buildActionMask = 2147483647;
			files = (
				9BAE2C2E2B1FE0F20016CFAA /* ContentView.swift in Sources */,
				9B6A034C2B212E8E00C8B871 /* Person.swift in Sources */,
				9B6A03532B21393500C8B871 /* PersonProfile.swift in Sources */,
				9B190D412B1FEAFE00E03CA9 /* Home.swift in Sources */,
				9B6A03512B21303B00C8B871 /* SocialMedia.swift in Sources */,
				9B6A034F2B212FBD00C8B871 /* Project.swift in Sources */,
				9BAE2C2C2B1FE0F20016CFAA /* FhazeliOSAppApp.swift in Sources */,
			);
			runOnlyForDeploymentPostprocessing = 0;
		};
/* End PBXSourcesBuildPhase section */

/* Begin XCBuildConfiguration section */
		9BAE2C342B1FE0F40016CFAA /* Debug */ = {
			isa = XCBuildConfiguration;
			buildSettings = {
				ALWAYS_SEARCH_USER_PATHS = NO;
				CLANG_ANALYZER_NONNULL = YES;
				CLANG_ANALYZER_NUMBER_OBJECT_CONVERSION = YES_AGGRESSIVE;
				CLANG_CXX_LANGUAGE_STANDARD = "gnu++20";
				CLANG_ENABLE_MODULES = YES;
				CLANG_ENABLE_OBJC_ARC = YES;
				CLANG_ENABLE_OBJC_WEAK = YES;
				CLANG_WARN_BLOCK_CAPTURE_AUTORELEASING = YES;
				CLANG_WARN_BOOL_CONVERSION = YES;
				CLANG_WARN_COMMA = YES;
				CLANG_WARN_CONSTANT_CONVERSION = YES;
				CLANG_WARN_DEPRECATED_OBJC_IMPLEMENTATIONS = YES;
				CLANG_WARN_DIRECT_OBJC_ISA_USAGE = YES_ERROR;
				CLANG_WARN_DOCUMENTATION_COMMENTS = YES;
				CLANG_WARN_EMPTY_BODY = YES;
				CLANG_WARN_ENUM_CONVERSION = YES;
				CLANG_WARN_INFINITE_RECURSION = YES;
				CLANG_WARN_INT_CONVERSION = YES;
				CLANG_WARN_NON_LITERAL_NULL_CONVERSION = YES;
				CLANG_WARN_OBJC_IMPLICIT_RETAIN_SELF = YES;
				CLANG_WARN_OBJC_LITERAL_CONVERSION = YES;
				CLANG_WARN_OBJC_ROOT_CLASS = YES_ERROR;
				CLANG_WARN_QUOTED_INCLUDE_IN_FRAMEWORK_HEADER = YES;
				CLANG_WARN_RANGE_LOOP_ANALYSIS = YES;
				CLANG_WARN_STRICT_PROTOTYPES = YES;
				CLANG_WARN_SUSPICIOUS_MOVE = YES;
				CLANG_WARN_UNGUARDED_AVAILABILITY = YES_AGGRESSIVE;
				CLANG_WARN_UNREACHABLE_CODE = YES;
				CLANG_WARN__DUPLICATE_METHOD_MATCH = YES;
				COPY_PHASE_STRIP = NO;
				DEBUG_INFORMATION_FORMAT = dwarf;
				ENABLE_STRICT_OBJC_MSGSEND = YES;
				ENABLE_TESTABILITY = YES;
				GCC_C_LANGUAGE_STANDARD = gnu11;
				GCC_DYNAMIC_NO_PIC = NO;
				GCC_NO_COMMON_BLOCKS = YES;
				GCC_OPTIMIZATION_LEVEL = 0;
				GCC_PREPROCESSOR_DEFINITIONS = (
					"DEBUG=1",
					"$(inherited)",
				);
				GCC_WARN_64_TO_32_BIT_CONVERSION = YES;
				GCC_WARN_ABOUT_RETURN_TYPE = YES_ERROR;
				GCC_WARN_UNDECLARED_SELECTOR = YES;
				GCC_WARN_UNINITIALIZED_AUTOS = YES_AGGRESSIVE;
				GCC_WARN_UNUSED_FUNCTION = YES;
				GCC_WARN_UNUSED_VARIABLE = YES;
				IPHONEOS_DEPLOYMENT_TARGET = 16.0;
				MTL_ENABLE_DEBUG_INFO = INCLUDE_SOURCE;
				MTL_FAST_MATH = YES;
				ONLY_ACTIVE_ARCH = YES;
				SDKROOT = iphoneos;
				SWIFT_ACTIVE_COMPILATION_CONDITIONS = DEBUG;
				SWIFT_OPTIMIZATION_LEVEL = "-Onone";
			};
			name = Debug;
		};
		9BAE2C352B1FE0F40016CFAA /* Release */ = {
			isa = XCBuildConfiguration;
			buildSettings = {
				ALWAYS_SEARCH_USER_PATHS = NO;
				CLANG_ANALYZER_NONNULL = YES;
				CLANG_ANALYZER_NUMBER_OBJECT_CONVERSION = YES_AGGRESSIVE;
				CLANG_CXX_LANGUAGE_STANDARD = "gnu++20";
				CLANG_ENABLE_MODULES = YES;
				CLANG_ENABLE_OBJC_ARC = YES;
				CLANG_ENABLE_OBJC_WEAK = YES;
				CLANG_WARN_BLOCK_CAPTURE_AUTORELEASING = YES;
				CLANG_WARN_BOOL_CONVERSION = YES;
				CLANG_WARN_COMMA = YES;
				CLANG_WARN_CONSTANT_CONVERSION = YES;
				CLANG_WARN_DEPRECATED_OBJC_IMPLEMENTATIONS = YES;
				CLANG_WARN_DIRECT_OBJC_ISA_USAGE = YES_ERROR;
				CLANG_WARN_DOCUMENTATION_COMMENTS = YES;
				CLANG_WARN_EMPTY_BODY = YES;
				CLANG_WARN_ENUM_CONVERSION = YES;
				CLANG_WARN_INFINITE_RECURSION = YES;
				CLANG_WARN_INT_CONVERSION = YES;
				CLANG_WARN_NON_LITERAL_NULL_CONVERSION = YES;
				CLANG_WARN_OBJC_IMPLICIT_RETAIN_SELF = YES;
				CLANG_WARN_OBJC_LITERAL_CONVERSION = YES;
				CLANG_WARN_OBJC_ROOT_CLASS = YES_ERROR;
				CLANG_WARN_QUOTED_INCLUDE_IN_FRAMEWORK_HEADER = YES;
				CLANG_WARN_RANGE_LOOP_ANALYSIS = YES;
				CLANG_WARN_STRICT_PROTOTYPES = YES;
				CLANG_WARN_SUSPICIOUS_MOVE = YES;
				CLANG_WARN_UNGUARDED_AVAILABILITY = YES_AGGRESSIVE;
				CLANG_WARN_UNREACHABLE_CODE = YES;
				CLANG_WARN__DUPLICATE_METHOD_MATCH = YES;
				COPY_PHASE_STRIP = NO;
				DEBUG_INFORMATION_FORMAT = "dwarf-with-dsym";
				ENABLE_NS_ASSERTIONS = NO;
				ENABLE_STRICT_OBJC_MSGSEND = YES;
				GCC_C_LANGUAGE_STANDARD = gnu11;
				GCC_NO_COMMON_BLOCKS = YES;
				GCC_WARN_64_TO_32_BIT_CONVERSION = YES;
				GCC_WARN_ABOUT_RETURN_TYPE = YES_ERROR;
				GCC_WARN_UNDECLARED_SELECTOR = YES;
				GCC_WARN_UNINITIALIZED_AUTOS = YES_AGGRESSIVE;
				GCC_WARN_UNUSED_FUNCTION = YES;
				GCC_WARN_UNUSED_VARIABLE = YES;
				IPHONEOS_DEPLOYMENT_TARGET = 16.0;
				MTL_ENABLE_DEBUG_INFO = NO;
				MTL_FAST_MATH = YES;
				SDKROOT = iphoneos;
				SWIFT_COMPILATION_MODE = wholemodule;
				SWIFT_OPTIMIZATION_LEVEL = "-O";
				VALIDATE_PRODUCT = YES;
			};
			name = Release;
		};
		9BAE2C372B1FE0F40016CFAA /* Debug */ = {
			isa = XCBuildConfiguration;
			buildSettings = {
				ASSETCATALOG_COMPILER_APPICON_NAME = AppIcon;
				ASSETCATALOG_COMPILER_GLOBAL_ACCENT_COLOR_NAME = AccentColor;
				CODE_SIGN_STYLE = Automatic;
				CURRENT_PROJECT_VERSION = 1;
				DEVELOPMENT_ASSET_PATHS = "\"FhazeliOSApp/Preview Content\"";
				ENABLE_PREVIEWS = YES;
				GENERATE_INFOPLIST_FILE = YES;
				INFOPLIST_KEY_UIApplicationSceneManifest_Generation = YES;
				INFOPLIST_KEY_UIApplicationSupportsIndirectInputEvents = YES;
				INFOPLIST_KEY_UILaunchScreen_Generation = YES;
				INFOPLIST_KEY_UISupportedInterfaceOrientations_iPad = "UIInterfaceOrientationPortrait UIInterfaceOrientationPortraitUpsideDown UIInterfaceOrientationLandscapeLeft UIInterfaceOrientationLandscapeRight";
				INFOPLIST_KEY_UISupportedInterfaceOrientations_iPhone = "UIInterfaceOrientationPortrait UIInterfaceOrientationLandscapeLeft UIInterfaceOrientationLandscapeRight";
				LD_RUNPATH_SEARCH_PATHS = (
					"$(inherited)",
					"@executable_path/Frameworks",
				);
				MARKETING_VERSION = 1.0;
				PRODUCT_BUNDLE_IDENTIFIER = com.Fhazel.FhazeliOSApp;
				PRODUCT_NAME = "$(TARGET_NAME)";
				SWIFT_EMIT_LOC_STRINGS = YES;
				SWIFT_VERSION = 5.0;
				TARGETED_DEVICE_FAMILY = "1,2";
			};
			name = Debug;
		};
		9BAE2C382B1FE0F40016CFAA /* Release */ = {
			isa = XCBuildConfiguration;
			buildSettings = {
				ASSETCATALOG_COMPILER_APPICON_NAME = AppIcon;
				ASSETCATALOG_COMPILER_GLOBAL_ACCENT_COLOR_NAME = AccentColor;
				CODE_SIGN_STYLE = Automatic;
				CURRENT_PROJECT_VERSION = 1;
				DEVELOPMENT_ASSET_PATHS = "\"FhazeliOSApp/Preview Content\"";
				ENABLE_PREVIEWS = YES;
				GENERATE_INFOPLIST_FILE = YES;
				INFOPLIST_KEY_UIApplicationSceneManifest_Generation = YES;
				INFOPLIST_KEY_UIApplicationSupportsIndirectInputEvents = YES;
				INFOPLIST_KEY_UILaunchScreen_Generation = YES;
				INFOPLIST_KEY_UISupportedInterfaceOrientations_iPad = "UIInterfaceOrientationPortrait UIInterfaceOrientationPortraitUpsideDown UIInterfaceOrientationLandscapeLeft UIInterfaceOrientationLandscapeRight";
				INFOPLIST_KEY_UISupportedInterfaceOrientations_iPhone = "UIInterfaceOrientationPortrait UIInterfaceOrientationLandscapeLeft UIInterfaceOrientationLandscapeRight";
				LD_RUNPATH_SEARCH_PATHS = (
					"$(inherited)",
					"@executable_path/Frameworks",
				);
				MARKETING_VERSION = 1.0;
				PRODUCT_BUNDLE_IDENTIFIER = com.Fhazel.FhazeliOSApp;
				PRODUCT_NAME = "$(TARGET_NAME)";
				SWIFT_EMIT_LOC_STRINGS = YES;
				SWIFT_VERSION = 5.0;
				TARGETED_DEVICE_FAMILY = "1,2";
			};
			name = Release;
		};
/* End XCBuildConfiguration section */

/* Begin XCConfigurationList section */
		9BAE2C232B1FE0F20016CFAA /* Build configuration list for PBXProject "FhazeliOSApp" */ = {
			isa = XCConfigurationList;
			buildConfigurations = (
				9BAE2C342B1FE0F40016CFAA /* Debug */,
				9BAE2C352B1FE0F40016CFAA /* Release */,
			);
			defaultConfigurationIsVisible = 0;
			defaultConfigurationName = Release;
		};
		9BAE2C362B1FE0F40016CFAA /* Build configuration list for PBXNativeTarget "FhazeliOSApp" */ = {
			isa = XCConfigurationList;
			buildConfigurations = (
				9BAE2C372B1FE0F40016CFAA /* Debug */,
				9BAE2C382B1FE0F40016CFAA /* Release */,
			);
			defaultConfigurationIsVisible = 0;
			defaultConfigurationName = Release;
		};
/* End XCConfigurationList section */
	};
	rootObject = 9BAE2C202B1FE0F20016CFAA /* Project object */;
}
